<?xml version="1.0" encoding="utf-8"?>
<Project ToolsVersion="4.0" xmlns="http://schemas.microsoft.com/developer/msbuild/2003">
  <ItemGroup>
    <Filter Include="src">
      <UniqueIdentifier>{b9468509-c40a-4a30-9b6b-07a24099135d}</UniqueIdentifier>
    </Filter>
    <Filter Include="src\Objects">
      <UniqueIdentifier>{676dcd83-05fe-4965-b76d-d70292874208}</UniqueIdentifier>
    </Filter>
    <Filter Include="src\Windows">
      <UniqueIdentifier>{e63d68d6-369b-4e10-b116-8530f20f3668}</UniqueIdentifier>
    </Filter>
    <Filter Include="resources">
      <UniqueIdentifier>{573a4fad-6150-40d9-94ab-290832cd7c75}</UniqueIdentifier>
    </Filter>
    <Filter Include="resources\Sprites">
      <UniqueIdentifier>{afe03c73-916a-4006-b552-28f75a64fe75}</UniqueIdentifier>
    </Filter>
    <Filter Include="resources\Font">
      <UniqueIdentifier>{d33ce956-2053-4ae3-b3cc-6e01d262d0b1}</UniqueIdentifier>
    </Filter>
  </ItemGroup>
  <ItemGroup>
    <ClCompile Include="src\Window\GameLoop.cpp">
      <Filter>src\Windows</Filter>
    </ClCompile>
    <ClCompile Include="src\Window\Parallax.cpp">
      <Filter>src\Windows</Filter>
    </ClCompile>
    <ClCompile Include="src\Objects\Player.cpp">
      <Filter>src\Objects</Filter>
    </ClCompile>
    <ClCompile Include="src\Objects\PlayerBullet.cpp">
      <Filter>src\Objects</Filter>
    </ClCompile>
    <ClCompile Include="src\main.cpp">
      <Filter>src</Filter>
    </ClCompile>
    <ClCompile Include="src\Objects\Background.cpp">
      <Filter>src\Objects</Filter>
    </ClCompile>
    <ClCompile Include="src\Window\Menu.cpp">
      <Filter>src\Windows</Filter>
    </ClCompile>
    <ClCompile Include="src\Objects\Mouse.cpp">
      <Filter>src\Objects</Filter>
    </ClCompile>
    <ClCompile Include="src\Objects\FlyEnemy.cpp">
      <Filter>src\Objects</Filter>
    </ClCompile>
    <ClCompile Include="src\Objects\Floor.cpp">
      <Filter>src\Objects</Filter>
    </ClCompile>
  </ItemGroup>
  <ItemGroup>
    <ClInclude Include="src\Window\GameLoop.h">
      <Filter>src\Windows</Filter>
    </ClInclude>
    <ClInclude Include="src\Window\Parallax.h">
      <Filter>src\Windows</Filter>
    </ClInclude>
    <ClInclude Include="src\Objects\Player.h">
      <Filter>src\Objects</Filter>
    </ClInclude>
    <ClInclude Include="src\Objects\PlayerBullet.h">
      <Filter>src\Objects</Filter>
    </ClInclude>
    <ClInclude Include="src\Objects\Background.h">
      <Filter>src\Objects</Filter>
    </ClInclude>
    <ClInclude Include="src\Window\Menu.h">
      <Filter>src\Windows</Filter>
    </ClInclude>
    <ClInclude Include="src\Objects\Mouse.h">
      <Filter>src\Objects</Filter>
    </ClInclude>
    <ClInclude Include="src\Objects\FlyEnemy.h">
      <Filter>src\Objects</Filter>
    </ClInclude>
    <ClInclude Include="src\Objects\Floor.h">
      <Filter>src\Objects</Filter>
    </ClInclude>
  </ItemGroup>
  <ItemGroup>
    <Image Include="resources\Sprites\City.png">
      <Filter>resources\Sprites</Filter>
    </Image>
    <Image Include="resources\Sprites\Ground.png">
      <Filter>resources\Sprites</Filter>
    </Image>
    <Image Include="resources\Sprites\Hill.png">
      <Filter>resources\Sprites</Filter>
    </Image>
    <Image Include="resources\Sprites\PauseButtonOff.png">
      <Filter>resources\Sprites</Filter>
    </Image>
    <Image Include="resources\Sprites\PauseButtonOn.png">
      <Filter>resources\Sprites</Filter>
    </Image>
    <Image Include="resources\Sprites\RestartGameMenu.png">
      <Filter>resources\Sprites</Filter>
    </Image>
    <Image Include="resources\Sprites\Sky.png">
      <Filter>resources\Sprites</Filter>
    </Image>
  </ItemGroup>
  <ItemGroup>
    <Font Include="resources\Font\baby blocks.ttf">
      <Filter>resources\Font</Filter>
    </Font>
  </ItemGroup>
</Project>