<?xml version="1.0" encoding="utf-8"?>
<Project ToolsVersion="4.0" xmlns="http://schemas.microsoft.com/developer/msbuild/2003">
  <ItemGroup>
    <Filter Include="src">
      <UniqueIdentifier>{b9468509-c40a-4a30-9b6b-07a24099135d}</UniqueIdentifier>
    </Filter>
    <Filter Include="src\Objects">
      <UniqueIdentifier>{676dcd83-05fe-4965-b76d-d70292874208}</UniqueIdentifier>
    </Filter>
    <Filter Include="src\Windows">
      <UniqueIdentifier>{e63d68d6-369b-4e10-b116-8530f20f3668}</UniqueIdentifier>
    </Filter>
  </ItemGroup>
  <ItemGroup>
    <ClCompile Include="src\Window\GameLoop.cpp">
      <Filter>src\Windows</Filter>
    </ClCompile>
    <ClCompile Include="src\Window\Parallax.cpp">
      <Filter>src\Windows</Filter>
    </ClCompile>
    <ClCompile Include="src\Objects\Enemy.cpp">
      <Filter>src\Objects</Filter>
    </ClCompile>
    <ClCompile Include="src\Objects\Player.cpp">
      <Filter>src\Objects</Filter>
    </ClCompile>
    <ClCompile Include="src\Objects\PlayerBullet.cpp">
      <Filter>src\Objects</Filter>
    </ClCompile>
    <ClCompile Include="src\main.cpp">
      <Filter>src</Filter>
    </ClCompile>
  </ItemGroup>
  <ItemGroup>
    <ClInclude Include="src\Window\GameLoop.h">
      <Filter>src\Windows</Filter>
    </ClInclude>
    <ClInclude Include="src\Window\Parallax.h">
      <Filter>src\Windows</Filter>
    </ClInclude>
    <ClInclude Include="src\Objects\Enemy.h">
      <Filter>src\Objects</Filter>
    </ClInclude>
    <ClInclude Include="src\Objects\Player.h">
      <Filter>src\Objects</Filter>
    </ClInclude>
    <ClInclude Include="src\Objects\PlayerBullet.h">
      <Filter>src\Objects</Filter>
    </ClInclude>
  </ItemGroup>
</Project>